<Solution>
    <Folder Name="/Solution Items/">
      <File Path=".gitignore" />
      <File Path="README.md" />
      <File Path="changelog.md" />
      <File Path="run.sh" />
      <File Path=".editorconfig" />
      <File Path=".github/workflows/cosmos.yml" />
  </Folder>
  <Project Path="Venture.OS\Venture.OS.csproj" />
</Solution>
